
Microsoft Visual Studio Solution File, Format Version 12.00
# Visual Studio Version 17
VisualStudioVersion = 17.8.34330.188
MinimumVisualStudioVersion = 10.0.40219.1
Project("{FAE04EC0-301F-11D3-BF4B-00C04F79EFBC}") = "ConfSudApp", "ConfSudApp\ConfSudApp.csproj", "{79617454-79C3-4CFC-8503-437362035829}"
EndProject
Global
	GlobalSection(SolutionConfigurationPlatforms) = preSolution
		Debug|Any CPU = Debug|Any CPU
		Release|Any CPU = Release|Any CPU
	EndGlobalSection
	GlobalSection(ProjectConfigurationPlatforms) = postSolution
		{79617454-79C3-4CFC-8503-437362035829}.Debug|Any CPU.ActiveCfg = Debug|Any CPU
		{79617454-79C3-4CFC-8503-437362035829}.Debug|Any CPU.Build.0 = Debug|Any CPU
		{79617454-79C3-4CFC-8503-437362035829}.Release|Any CPU.ActiveCfg = Release|Any CPU
		{79617454-79C3-4CFC-8503-437362035829}.Release|Any CPU.Build.0 = Release|Any CPU
	EndGlobalSection
	GlobalSection(SolutionProperties) = preSolution
		HideSolutionNode = FALSE
	EndGlobalSection
	GlobalSection(ExtensibilityGlobals) = postSolution
		SolutionGuid = {ABCDDF17-9327-480F-8F21-8B2A34A4D065}
	EndGlobalSection
EndGlobal
